
Microsoft Visual Studio Solution File, Format Version 12.00
# Visual Studio 14
VisualStudioVersion = 14.0.25123.0
MinimumVisualStudioVersion = 10.0.40219.1
Project("{FAE04EC0-301F-11D3-BF4B-00C04F79EFBC}") = "TestCollectionDelete", "TestCollectionDelete\TestCollectionDelete.csproj", "{75BE51D5-DC64-4D71-9AAD-DE1FE3455061}"
EndProject
Project("{FAE04EC0-301F-11D3-BF4B-00C04F79EFBC}") = "TestCollectionUpdate", "TestCollectionUpdate\TestCollectionUpdate.csproj", "{4400C5AB-0090-471D-A656-8E4D1B77C8E1}"
EndProject
Global
	GlobalSection(SolutionConfigurationPlatforms) = preSolution
		Debug|Any CPU = Debug|Any CPU
		Release|Any CPU = Release|Any CPU
	EndGlobalSection
	GlobalSection(ProjectConfigurationPlatforms) = postSolution
		{75BE51D5-DC64-4D71-9AAD-DE1FE3455061}.Debug|Any CPU.ActiveCfg = Debug|Any CPU
		{75BE51D5-DC64-4D71-9AAD-DE1FE3455061}.Debug|Any CPU.Build.0 = Debug|Any CPU
		{75BE51D5-DC64-4D71-9AAD-DE1FE3455061}.Release|Any CPU.ActiveCfg = Release|Any CPU
		{75BE51D5-DC64-4D71-9AAD-DE1FE3455061}.Release|Any CPU.Build.0 = Release|Any CPU
		{4400C5AB-0090-471D-A656-8E4D1B77C8E1}.Debug|Any CPU.ActiveCfg = Debug|Any CPU
		{4400C5AB-0090-471D-A656-8E4D1B77C8E1}.Debug|Any CPU.Build.0 = Debug|Any CPU
		{4400C5AB-0090-471D-A656-8E4D1B77C8E1}.Release|Any CPU.ActiveCfg = Release|Any CPU
		{4400C5AB-0090-471D-A656-8E4D1B77C8E1}.Release|Any CPU.Build.0 = Release|Any CPU
	EndGlobalSection
	GlobalSection(SolutionProperties) = preSolution
		HideSolutionNode = FALSE
	EndGlobalSection
EndGlobal
